<?xml version="1.0" encoding="utf-8"?>
<Project ToolsVersion="4.0" xmlns="http://schemas.microsoft.com/developer/msbuild/2003">
  <ItemGroup>
    <Filter Include="Source Files">
      <UniqueIdentifier>{4FC737F1-C7A5-4376-A066-2A32D752A2FF}</UniqueIdentifier>
      <Extensions>cpp;c;cxx;def;odl;idl;hpj;bat;asm;asmx</Extensions>
    </Filter>
    <Filter Include="Header Files">
      <UniqueIdentifier>{93995380-89BD-4b04-88EB-625FBE52EBFB}</UniqueIdentifier>
      <Extensions>h;hpp;hxx;hm;inl;inc;xsd</Extensions>
    </Filter>
    <Filter Include="Resource Files">
      <UniqueIdentifier>{67DA6AB6-F800-4c08-8B7A-83BB121AAD01}</UniqueIdentifier>
      <Extensions>rc;ico;cur;bmp;dlg;rc2;rct;bin;rgs;gif;jpg;jpeg;jpe;resx</Extensions>
    </Filter>
  </ItemGroup>
  <ItemGroup>
    <ClCompile Include="ActListCtrl.cpp">
      <Filter>Source Files</Filter>
    </ClCompile>
    <ClCompile Include="CmdListCtrl.cpp">
      <Filter>Source Files</Filter>
    </ClCompile>
    <ClCompile Include="cmdmap.cpp">
      <Filter>Source Files</Filter>
    </ClCompile>
    <ClCompile Include="DirTreeCtrl.cpp">
      <Filter>Source Files</Filter>
    </ClCompile>
    <ClCompile Include="DragDropImpl.cpp">
      <Filter>Source Files</Filter>
    </ClCompile>
    <ClCompile Include="FavoListCtrl.cpp">
      <Filter>Source Files</Filter>
    </ClCompile>
    <ClCompile Include="FileName.cpp">
      <Filter>Source Files</Filter>
    </ClCompile>
    <ClCompile Include="foo_uie_explorer.cpp">
      <Filter>Source Files</Filter>
    </ClCompile>
    <ClCompile Include="others.cpp">
      <Filter>Source Files</Filter>
    </ClCompile>
    <ClCompile Include="PPgActions.cpp">
      <Filter>Source Files</Filter>
    </ClCompile>
    <ClCompile Include="PPgCommand.cpp">
      <Filter>Source Files</Filter>
    </ClCompile>
    <ClCompile Include="PPgDisplay.cpp">
      <Filter>Source Files</Filter>
    </ClCompile>
    <ClCompile Include="PPgDisplay2.cpp">
      <Filter>Source Files</Filter>
    </ClCompile>
    <ClCompile Include="PPgFavorite.cpp">
      <Filter>Source Files</Filter>
    </ClCompile>
    <ClCompile Include="PPgOther.cpp">
      <Filter>Source Files</Filter>
    </ClCompile>
    <ClCompile Include="Preference.cpp">
      <Filter>Source Files</Filter>
    </ClCompile>
    <ClCompile Include="PreferenceDlg.cpp">
      <Filter>Source Files</Filter>
    </ClCompile>
    <ClCompile Include="ShellContextMenu.cpp">
      <Filter>Source Files</Filter>
    </ClCompile>
    <ClCompile Include="stdafx.cpp">
      <Filter>Source Files</Filter>
    </ClCompile>
    <ClCompile Include="VisualStylesXP.cpp">
      <Filter>Source Files</Filter>
    </ClCompile>
    <ClCompile Include="XHotKeyCtrl.cpp">
      <Filter>Source Files</Filter>
    </ClCompile>
  </ItemGroup>
  <ItemGroup>
    <ClInclude Include="ActListCtrl.h">
      <Filter>Header Files</Filter>
    </ClInclude>
    <ClInclude Include="CmdListCtrl.h">
      <Filter>Header Files</Filter>
    </ClInclude>
    <ClInclude Include="cmdmap.h">
      <Filter>Header Files</Filter>
    </ClInclude>
    <ClInclude Include="CuiAppearance.h">
      <Filter>Header Files</Filter>
    </ClInclude>
    <ClInclude Include="DirTreeCtrl.h">
      <Filter>Header Files</Filter>
    </ClInclude>
    <ClInclude Include="DragDropImpl.h">
      <Filter>Header Files</Filter>
    </ClInclude>
    <ClInclude Include="ExMenu.h">
      <Filter>Header Files</Filter>
    </ClInclude>
    <ClInclude Include="FavoListCtrl.h">
      <Filter>Header Files</Filter>
    </ClInclude>
    <ClInclude Include="FileName.h">
      <Filter>Header Files</Filter>
    </ClInclude>
    <ClInclude Include="foo_uie_explorer.h">
      <Filter>Header Files</Filter>
    </ClInclude>
    <ClInclude Include="MemDC.h">
      <Filter>Header Files</Filter>
    </ClInclude>
    <ClInclude Include="others.h">
      <Filter>Header Files</Filter>
    </ClInclude>
    <ClInclude Include="PPgActions.h">
      <Filter>Header Files</Filter>
    </ClInclude>
    <ClInclude Include="PPgBase.h">
      <Filter>Header Files</Filter>
    </ClInclude>
    <ClInclude Include="PPgCommand.h">
      <Filter>Header Files</Filter>
    </ClInclude>
    <ClInclude Include="PPgDisplay.h">
      <Filter>Header Files</Filter>
    </ClInclude>
    <ClInclude Include="PPgDisplay2.h">
      <Filter>Header Files</Filter>
    </ClInclude>
    <ClInclude Include="PPgFavorite.h">
      <Filter>Header Files</Filter>
    </ClInclude>
    <ClInclude Include="PPgOther.h">
      <Filter>Header Files</Filter>
    </ClInclude>
    <ClInclude Include="Preference.h">
      <Filter>Header Files</Filter>
    </ClInclude>
    <ClInclude Include="PreferenceDlg.h">
      <Filter>Header Files</Filter>
    </ClInclude>
    <ClInclude Include="resource.h">
      <Filter>Header Files</Filter>
    </ClInclude>
    <ClInclude Include="ShellContextMenu.h">
      <Filter>Header Files</Filter>
    </ClInclude>
    <ClInclude Include="stdafx.h">
      <Filter>Header Files</Filter>
    </ClInclude>
    <ClInclude Include="VisualStylesXP.h">
      <Filter>Header Files</Filter>
    </ClInclude>
    <ClInclude Include="XHotKeyCtrl.h">
      <Filter>Header Files</Filter>
    </ClInclude>
  </ItemGroup>
  <ItemGroup>
    <ResourceCompile Include="foo_uie_explorer.rc">
      <Filter>Resource Files</Filter>
    </ResourceCompile>
  </ItemGroup>
  <ItemGroup>
    <None Include="changelog.txt" />
  </ItemGroup>
</Project>